{
  "name": "language-vue",
  "version": "0.25.0",
  "lockfileVersion": 1,
  "requires": true,
  "dependencies": {
    "nan": {
      "version": "2.14.0",
      "resolved": "https://registry.npmjs.org/nan/-/nan-2.14.0.tgz",
      "integrity": "sha512-INOFj37C7k3AfaNTtX8RhsTw7qRy7eLET14cROi9+5HAVbbHuIWUHEauBv5qT4Av2tWasiTY1Jw6puUNqRJXQg=="
    },
    "tree-sitter-vue": {
      "version": "0.1.0",
      "resolved": "https://registry.npmjs.org/tree-sitter-vue/-/tree-sitter-vue-0.1.0.tgz",
      "integrity": "sha512-Luy7acifW4rke2Sdkqm2C0uqX6S4PZgs3E7gsdD3+SMIZnRM8QBobliJlOeAUfEaKbSxak9tBZmPgeNEtpvtDA==",
      "requires": {
        "nan": "^2.14.0"
      }
    }
  }
}
